// !$*UTF8*$!
{
	archiveVersion = 1;
	classes = {
	};
	objectVersion = 56;
	objects = {

/* Begin PBXBuildFile section */
		A00000000000000000000011 /* MoveWindowApp.swift in Sources */ = {isa = PBXBuildFile; fileRef = A00000000000000000000001 /* MoveWindowApp.swift */; };
		A00000000000000000000012 /* HomeView.swift in Sources */ = {isa = PBXBuildFile; fileRef = A00000000000000000000002 /* HomeView.swift */; };
		A00000000000000000000021 /* WeatherService.swift in Sources */ = {isa = PBXBuildFile; fileRef = A00000000000000000000020 /* WeatherService.swift */; };
		A00000000000000000000023 /* RecommendationService.swift in Sources */ = {isa = PBXBuildFile; fileRef = A00000000000000000000022 /* RecommendationService.swift */; };
		A00000000000000000000025 /* City.swift in Sources */ = {isa = PBXBuildFile; fileRef = A00000000000000000000024 /* City.swift */; };
		A00000000000000000000027 /* WeatherAlertService.swift in Sources */ = {isa = PBXBuildFile; fileRef = A00000000000000000000026 /* WeatherAlertService.swift */; };
		A00000000000000000000029 /* MoveDNA.swift in Sources */ = {isa = PBXBuildFile; fileRef = A00000000000000000000028 /* MoveDNA.swift */; };
		A00000000000000000000031 /* ActivityReminderService.swift in Sources */ = {isa = PBXBuildFile; fileRef = A00000000000000000000030 /* ActivityReminderService.swift */; };
		A00000000000000000000033 /* MoveDNASharing.swift in Sources */ = {isa = PBXBuildFile; fileRef = A00000000000000000000032 /* MoveDNASharing.swift */; };
		B00000000000000000000002 /* MoveDNAServiceTests.swift in Sources */ = {isa = PBXBuildFile; fileRef = B00000000000000000000001 /* MoveDNAServiceTests.swift */; };
/* End PBXBuildFile section */

/* Begin PBXContainerItemProxy section */
		B00000000000000000000005 /* PBXContainerItemProxy */ = {
			isa = PBXContainerItemProxy;
			containerPortal = A00000000000000000000014 /* Project object */;
			proxyType = 1;
			remoteGlobalIDString = A00000000000000000000007;
			remoteInfo = MoveWindow;
		};
/* End PBXContainerItemProxy section */

/* Begin PBXFileReference section */
		A00000000000000000000001 /* MoveWindowApp.swift */ = {isa = PBXFileReference; lastKnownFileType = sourcecode.swift; path = MoveWindowApp.swift; sourceTree = "<group>"; };
		A00000000000000000000002 /* HomeView.swift */ = {isa = PBXFileReference; lastKnownFileType = sourcecode.swift; path = HomeView.swift; sourceTree = "<group>"; };
		A00000000000000000000003 /* MoveWindow.app */ = {isa = PBXFileReference; explicitFileType = wrapper.application; includeInIndex = 0; path = MoveWindow.app; sourceTree = BUILT_PRODUCTS_DIR; };
		A00000000000000000000020 /* WeatherService.swift */ = {isa = PBXFileReference; lastKnownFileType = sourcecode.swift; path = WeatherService.swift; sourceTree = "<group>"; };
		A00000000000000000000022 /* RecommendationService.swift */ = {isa = PBXFileReference; lastKnownFileType = sourcecode.swift; path = RecommendationService.swift; sourceTree = "<group>"; };
		A00000000000000000000024 /* City.swift */ = {isa = PBXFileReference; lastKnownFileType = sourcecode.swift; path = City.swift; sourceTree = "<group>"; };
		A00000000000000000000026 /* WeatherAlertService.swift */ = {isa = PBXFileReference; lastKnownFileType = sourcecode.swift; path = WeatherAlertService.swift; sourceTree = "<group>"; };
		A00000000000000000000028 /* MoveDNA.swift */ = {isa = PBXFileReference; lastKnownFileType = sourcecode.swift; path = MoveDNA.swift; sourceTree = "<group>"; };
		A00000000000000000000030 /* ActivityReminderService.swift */ = {isa = PBXFileReference; lastKnownFileType = sourcecode.swift; path = ActivityReminderService.swift; sourceTree = "<group>"; };
		A00000000000000000000032 /* MoveDNASharing.swift */ = {isa = PBXFileReference; lastKnownFileType = sourcecode.swift; path = MoveDNASharing.swift; sourceTree = "<group>"; };
		B00000000000000000000001 /* MoveDNAServiceTests.swift */ = {isa = PBXFileReference; lastKnownFileType = sourcecode.swift; path = MoveDNAServiceTests.swift; sourceTree = "<group>"; };
		B00000000000000000000003 /* MoveWindowTests.xctest */ = {isa = PBXFileReference; explicitFileType = wrapper.cfbundle; includeInIndex = 0; path = MoveWindowTests.xctest; sourceTree = BUILT_PRODUCTS_DIR; };
/* End PBXFileReference section */

/* Begin PBXFrameworksBuildPhase section */
		A00000000000000000000010 /* Frameworks */ = {
			isa = PBXFrameworksBuildPhase;
			buildActionMask = 2147483647;
			files = (
			);
			runOnlyForDeploymentPostprocessing = 0;
		};
		B00000000000000000000007 /* Frameworks */ = {
			isa = PBXFrameworksBuildPhase;
			buildActionMask = 2147483647;
			files = (
			);
			runOnlyForDeploymentPostprocessing = 0;
		};
/* End PBXFrameworksBuildPhase section */

/* Begin PBXGroup section */
		A00000000000000000000004 = {
			isa = PBXGroup;
			children = (
				A00000000000000000000005 /* MoveWindow */,
				B00000000000000000000004 /* MoveWindowTests */,
				A00000000000000000000006 /* Products */,
			);
			sourceTree = "<group>";
		};
		A00000000000000000000005 /* MoveWindow */ = {
			isa = PBXGroup;
			children = (
				A00000000000000000000001 /* MoveWindowApp.swift */,
				A00000000000000000000002 /* HomeView.swift */,
				A00000000000000000000020 /* WeatherService.swift */,
				A00000000000000000000022 /* RecommendationService.swift */,
				A00000000000000000000024 /* City.swift */,
				A00000000000000000000026 /* WeatherAlertService.swift */,
				A00000000000000000000028 /* MoveDNA.swift */,
				A00000000000000000000030 /* ActivityReminderService.swift */,
				A00000000000000000000032 /* MoveDNASharing.swift */,
			);
			path = MoveWindow;
			sourceTree = "<group>";
		};
		A00000000000000000000006 /* Products */ = {
			isa = PBXGroup;
			children = (
				A00000000000000000000003 /* MoveWindow.app */,
				B00000000000000000000003 /* MoveWindowTests.xctest */,
			);
			name = Products;
			sourceTree = "<group>";
		};
		B00000000000000000000004 /* MoveWindowTests */ = {
			isa = PBXGroup;
			children = (
				B00000000000000000000001 /* MoveDNAServiceTests.swift */,
			);
			path = MoveWindowTests;
			sourceTree = "<group>";
		};
/* End PBXGroup section */

/* Begin PBXNativeTarget section */
		A00000000000000000000007 /* MoveWindow */ = {
			isa = PBXNativeTarget;
			buildConfigurationList = A00000000000000000000008 /* Build configuration list for PBXNativeTarget "MoveWindow" */;
			buildPhases = (
				A00000000000000000000009 /* Sources */,
				A00000000000000000000010 /* Frameworks */,
				A00000000000000000000013 /* Resources */,
			);
			buildRules = (
			);
			dependencies = (
			);
			name = MoveWindow;
			productName = MoveWindow;
			productReference = A00000000000000000000003 /* MoveWindow.app */;
			productType = "com.apple.product-type.application";
		};
		B0000000000000000000000A /* MoveWindowTests */ = {
			isa = PBXNativeTarget;
			buildConfigurationList = B0000000000000000000000B /* Build configuration list for PBXNativeTarget "MoveWindowTests" */;
			buildPhases = (
				B00000000000000000000009 /* Sources */,
				B00000000000000000000007 /* Frameworks */,
				B00000000000000000000008 /* Resources */,
			);
			buildRules = (
			);
			dependencies = (
				B00000000000000000000006 /* PBXTargetDependency */,
			);
			name = MoveWindowTests;
			productName = MoveWindowTests;
			productReference = B00000000000000000000003 /* MoveWindowTests.xctest */;
			productType = "com.apple.product-type.bundle.unit-test";
		};
/* End PBXNativeTarget section */

/* Begin PBXProject section */
		A00000000000000000000014 /* Project object */ = {
			isa = PBXProject;
			attributes = {
				BuildIndependentTargetsInParallel = YES;
				LastUpgradeCheck = 2700;
				TargetAttributes = {
					A00000000000000000000007 = {
						CreatedOnToolsVersion = 16.2;
					};
					B0000000000000000000000A = {
						CreatedOnToolsVersion = 16.2;
						TestTargetID = A00000000000000000000007;
					};
				};
			};
			buildConfigurationList = A00000000000000000000015 /* Build configuration list for PBXProject "MoveWindow" */;
			compatibilityVersion = "Xcode 14.0";
			developmentRegion = en;
			hasScannedForEncodings = 0;
			knownRegions = (
				en,
				Base,
			);
			mainGroup = A00000000000000000000004;
			productRefGroup = A00000000000000000000006 /* Products */;
			projectDirPath = "";
			projectRoot = "";
			targets = (
				A00000000000000000000007 /* MoveWindow */,
				B0000000000000000000000A /* MoveWindowTests */,
			);
		};
/* End PBXProject section */

/* Begin PBXResourcesBuildPhase section */
		A00000000000000000000013 /* Resources */ = {
			isa = PBXResourcesBuildPhase;
			buildActionMask = 2147483647;
			files = (
			);
			runOnlyForDeploymentPostprocessing = 0;
		};
		B00000000000000000000008 /* Resources */ = {
			isa = PBXResourcesBuildPhase;
			buildActionMask = 2147483647;
			files = (
			);
			runOnlyForDeploymentPostprocessing = 0;
		};
/* End PBXResourcesBuildPhase section */

/* Begin PBXSourcesBuildPhase section */
		A00000000000000000000009 /* Sources */ = {
			isa = PBXSourcesBuildPhase;
			buildActionMask = 2147483647;
			files = (
				A00000000000000000000011 /* MoveWindowApp.swift in Sources */,
				A00000000000000000000012 /* HomeView.swift in Sources */,
				A00000000000000000000021 /* WeatherService.swift in Sources */,
				A00000000000000000000023 /* RecommendationService.swift in Sources */,
				A00000000000000000000025 /* City.swift in Sources */,
				A00000000000000000000027 /* WeatherAlertService.swift in Sources */,
				A00000000000000000000029 /* MoveDNA.swift in Sources */,
				A00000000000000000000031 /* ActivityReminderService.swift in Sources */,
				A00000000000000000000033 /* MoveDNASharing.swift in Sources */,
			);
			runOnlyForDeploymentPostprocessing = 0;
		};
		B00000000000000000000009 /* Sources */ = {
			isa = PBXSourcesBuildPhase;
			buildActionMask = 2147483647;
			files = (
				B00000000000000000000002 /* MoveDNAServiceTests.swift in Sources */,
			);
			runOnlyForDeploymentPostprocessing = 0;
		};
/* End PBXSourcesBuildPhase section */

/* Begin PBXTargetDependency section */
		B00000000000000000000006 /* PBXTargetDependency */ = {
			isa = PBXTargetDependency;
			target = A00000000000000000000007 /* MoveWindow */;
			targetProxy = B00000000000000000000005 /* PBXContainerItemProxy */;
		};
/* End PBXTargetDependency section */

/* Begin XCBuildConfiguration section */
		A00000000000000000000016 /* Debug */ = {
			isa = XCBuildConfiguration;
			buildSettings = {
				ALWAYS_SEARCH_USER_PATHS = NO;
				CLANG_CXX_LANGUAGE_STANDARD = "gnu++20";
				CLANG_ENABLE_MODULES = YES;
				CLANG_ENABLE_OBJC_ARC = YES;
				CLANG_WARN_BLOCK_CAPTURE_AUTORELEASING = YES;
				CLANG_WARN_BOOL_CONVERSION = YES;
				CLANG_WARN_COMMA = YES;
				CLANG_WARN_CONSTANT_CONVERSION = YES;
				CLANG_WARN_DEPRECATED_OBJC_IMPLEMENTATIONS = YES;
				CLANG_WARN_EMPTY_BODY = YES;
				CLANG_WARN_ENUM_CONVERSION = YES;
				CLANG_WARN_INFINITE_RECURSION = YES;
				CLANG_WARN_INT_CONVERSION = YES;
				CLANG_WARN_NON_LITERAL_NULL_CONVERSION = YES;
				CLANG_WARN_OBJC_IMPLICIT_RETAIN_SELF = YES;
				CLANG_WARN_OBJC_LITERAL_CONVERSION = YES;
				CLANG_WARN_QUOTED_INCLUDE_IN_FRAMEWORK_HEADER = YES;
				CLANG_WARN_RANGE_LOOP_ANALYSIS = YES;
				CLANG_WARN_STRICT_PROTOTYPES = YES;
				CLANG_WARN_SUSPICIOUS_MOVE = YES;
				CLANG_WARN_UNREACHABLE_CODE = YES;
				CLANG_WARN__DUPLICATE_METHOD_MATCH = YES;
				COPY_PHASE_STRIP = NO;
				DEAD_CODE_STRIPPING = YES;
				DEBUG_INFORMATION_FORMAT = dwarf;
				DEVELOPMENT_TEAM = 78FA37RCD6;
				ENABLE_STRICT_OBJC_MSGSEND = YES;
				ENABLE_TESTABILITY = YES;
				ENABLE_USER_SCRIPT_SANDBOXING = YES;
				GCC_C_LANGUAGE_STANDARD = gnu17;
				GCC_NO_COMMON_BLOCKS = YES;
				GCC_OPTIMIZATION_LEVEL = 0;
				GCC_WARN_64_TO_32_BIT_CONVERSION = YES;
				GCC_WARN_ABOUT_RETURN_TYPE = YES;
				GCC_WARN_UNDECLARED_SELECTOR = YES;
				GCC_WARN_UNINITIALIZED_AUTOS = YES;
				GCC_WARN_UNUSED_FUNCTION = YES;
				GCC_WARN_UNUSED_VARIABLE = YES;
				ONLY_ACTIVE_ARCH = YES;
				SDKROOT = auto;
				STRING_CATALOG_GENERATE_SYMBOLS = YES;
				SWIFT_OPTIMIZATION_LEVEL = "-Onone";
			};
			name = Debug;
		};
		A00000000000000000000017 /* Release */ = {
			isa = XCBuildConfiguration;
			buildSettings = {
				ALWAYS_SEARCH_USER_PATHS = NO;
				CLANG_CXX_LANGUAGE_STANDARD = "gnu++20";
				CLANG_ENABLE_MODULES = YES;
				CLANG_ENABLE_OBJC_ARC = YES;
				CLANG_WARN_BLOCK_CAPTURE_AUTORELEASING = YES;
				CLANG_WARN_BOOL_CONVERSION = YES;
				CLANG_WARN_COMMA = YES;
				CLANG_WARN_CONSTANT_CONVERSION = YES;
				CLANG_WARN_DEPRECATED_OBJC_IMPLEMENTATIONS = YES;
				CLANG_WARN_EMPTY_BODY = YES;
				CLANG_WARN_ENUM_CONVERSION = YES;
				CLANG_WARN_INFINITE_RECURSION = YES;
				CLANG_WARN_INT_CONVERSION = YES;
				CLANG_WARN_NON_LITERAL_NULL_CONVERSION = YES;
				CLANG_WARN_OBJC_IMPLICIT_RETAIN_SELF = YES;
				CLANG_WARN_OBJC_LITERAL_CONVERSION = YES;
				CLANG_WARN_QUOTED_INCLUDE_IN_FRAMEWORK_HEADER = YES;
				CLANG_WARN_RANGE_LOOP_ANALYSIS = YES;
				CLANG_WARN_STRICT_PROTOTYPES = YES;
				CLANG_WARN_SUSPICIOUS_MOVE = YES;
				CLANG_WARN_UNREACHABLE_CODE = YES;
				CLANG_WARN__DUPLICATE_METHOD_MATCH = YES;
				COPY_PHASE_STRIP = YES;
				DEAD_CODE_STRIPPING = YES;
				DEBUG_INFORMATION_FORMAT = "dwarf-with-dsym";
				DEVELOPMENT_TEAM = 78FA37RCD6;
				ENABLE_STRICT_OBJC_MSGSEND = YES;
				ENABLE_USER_SCRIPT_SANDBOXING = YES;
				GCC_C_LANGUAGE_STANDARD = gnu17;
				GCC_NO_COMMON_BLOCKS = YES;
				GCC_WARN_64_TO_32_BIT_CONVERSION = YES;
				GCC_WARN_ABOUT_RETURN_TYPE = YES;
				GCC_WARN_UNDECLARED_SELECTOR = YES;
				GCC_WARN_UNINITIALIZED_AUTOS = YES;
				GCC_WARN_UNUSED_FUNCTION = YES;
				GCC_WARN_UNUSED_VARIABLE = YES;
				SDKROOT = auto;
				STRING_CATALOG_GENERATE_SYMBOLS = YES;
				SWIFT_COMPILATION_MODE = wholemodule;
			};
			name = Release;
		};
		A00000000000000000000018 /* Debug */ = {
			isa = XCBuildConfiguration;
			buildSettings = {
				ASSETCATALOG_COMPILER_APPICON_NAME = "";
				CODE_SIGN_STYLE = Automatic;
				CURRENT_PROJECT_VERSION = 1;
				GENERATE_INFOPLIST_FILE = YES;
				INFOPLIST_KEY_CFBundleDisplayName = MoveWindow;
				IPHONEOS_DEPLOYMENT_TARGET = 17.0;
				LD_RUNPATH_SEARCH_PATHS = (
					"$(inherited)",
					"@executable_path/Frameworks",
				);
				MARKETING_VERSION = 0.1;
				PRODUCT_BUNDLE_IDENTIFIER = com.example.MoveWindow;
				PRODUCT_NAME = "$(TARGET_NAME)";
				SDKROOT = iphoneos;
				SUPPORTED_PLATFORMS = "iphoneos iphonesimulator";
				SWIFT_VERSION = 5.0;
				TARGETED_DEVICE_FAMILY = 1;
			};
			name = Debug;
		};
		A00000000000000000000019 /* Release */ = {
			isa = XCBuildConfiguration;
			buildSettings = {
				ASSETCATALOG_COMPILER_APPICON_NAME = "";
				CODE_SIGN_STYLE = Automatic;
				CURRENT_PROJECT_VERSION = 1;
				GENERATE_INFOPLIST_FILE = YES;
				INFOPLIST_KEY_CFBundleDisplayName = MoveWindow;
				IPHONEOS_DEPLOYMENT_TARGET = 17.0;
				LD_RUNPATH_SEARCH_PATHS = (
					"$(inherited)",
					"@executable_path/Frameworks",
				);
				MARKETING_VERSION = 0.1;
				PRODUCT_BUNDLE_IDENTIFIER = com.example.MoveWindow;
				PRODUCT_NAME = "$(TARGET_NAME)";
				SDKROOT = iphoneos;
				SUPPORTED_PLATFORMS = "iphoneos iphonesimulator";
				SWIFT_VERSION = 5.0;
				TARGETED_DEVICE_FAMILY = 1;
			};
			name = Release;
		};
		B0000000000000000000000C /* Debug */ = {
			isa = XCBuildConfiguration;
			buildSettings = {
				BUNDLE_LOADER = "$(TEST_HOST)";
				CODE_SIGN_STYLE = Automatic;
				CURRENT_PROJECT_VERSION = 1;
				DEVELOPMENT_TEAM = 78FA37RCD6;
				GENERATE_INFOPLIST_FILE = YES;
				IPHONEOS_DEPLOYMENT_TARGET = 17.0;
				MARKETING_VERSION = 0.1;
				PRODUCT_BUNDLE_IDENTIFIER = com.example.MoveWindowTests;
				PRODUCT_NAME = "$(TARGET_NAME)";
				SDKROOT = iphoneos;
				SUPPORTED_PLATFORMS = "iphoneos iphonesimulator";
				SWIFT_VERSION = 5.0;
				TARGETED_DEVICE_FAMILY = 1;
				TEST_HOST = "$(BUILT_PRODUCTS_DIR)/MoveWindow.app/$(BUNDLE_EXECUTABLE_FOLDER_PATH)/MoveWindow";
			};
			name = Debug;
		};
		B0000000000000000000000D /* Release */ = {
			isa = XCBuildConfiguration;
			buildSettings = {
				BUNDLE_LOADER = "$(TEST_HOST)";
				CODE_SIGN_STYLE = Automatic;
				CURRENT_PROJECT_VERSION = 1;
				DEVELOPMENT_TEAM = 78FA37RCD6;
				GENERATE_INFOPLIST_FILE = YES;
				IPHONEOS_DEPLOYMENT_TARGET = 17.0;
				MARKETING_VERSION = 0.1;
				PRODUCT_BUNDLE_IDENTIFIER = com.example.MoveWindowTests;
				PRODUCT_NAME = "$(TARGET_NAME)";
				SDKROOT = iphoneos;
				SUPPORTED_PLATFORMS = "iphoneos iphonesimulator";
				SWIFT_VERSION = 5.0;
				TARGETED_DEVICE_FAMILY = 1;
				TEST_HOST = "$(BUILT_PRODUCTS_DIR)/MoveWindow.app/$(BUNDLE_EXECUTABLE_FOLDER_PATH)/MoveWindow";
			};
			name = Release;
		};
/* End XCBuildConfiguration section */

/* Begin XCConfigurationList section */
		A00000000000000000000008 /* Build configuration list for PBXNativeTarget "MoveWindow" */ = {
			isa = XCConfigurationList;
			buildConfigurations = (
				A00000000000000000000018 /* Debug */,
				A00000000000000000000019 /* Release */,
			);
			defaultConfigurationIsVisible = 0;
			defaultConfigurationName = Release;
		};
		A00000000000000000000015 /* Build configuration list for PBXProject "MoveWindow" */ = {
			isa = XCConfigurationList;
			buildConfigurations = (
				A00000000000000000000016 /* Debug */,
				A00000000000000000000017 /* Release */,
			);
			defaultConfigurationIsVisible = 0;
			defaultConfigurationName = Release;
		};
		B0000000000000000000000B /* Build configuration list for PBXNativeTarget "MoveWindowTests" */ = {
			isa = XCConfigurationList;
			buildConfigurations = (
				B0000000000000000000000C /* Debug */,
				B0000000000000000000000D /* Release */,
			);
			defaultConfigurationIsVisible = 0;
			defaultConfigurationName = Release;
		};
/* End XCConfigurationList section */
	};
	rootObject = A00000000000000000000014 /* Project object */;
}
